{
  "requires": true,
  "lockfileVersion": 1,
  "dependencies": {
    "echarts": {
      "version": "4.5.0",
      "resolved": "https://registry.npm.taobao.org/echarts/download/echarts-4.5.0.tgz",
      "integrity": "sha1-IRGWBkWjReuBndrEeSosBlvf8WI=",
      "requires": {
        "zrender": "4.1.2"
      }
    },
    "zrender": {
      "version": "4.1.2",
      "resolved": "https://registry.npm.taobao.org/zrender/download/zrender-4.1.2.tgz",
      "integrity": "sha1-g2je/yTH4jfLy9Oi/5MBeQWuQ/c="
    }
  }
}
